
Microsoft Visual Studio Solution File, Format Version 12.00
# Visual Studio 15
Project("{FAE04EC0-301F-11D3-BF4B-00C04F79EFBC}") = "Assembly-CSharp", "Assembly-CSharp.csproj", "{53160024-61EB-A8DE-C23D-87614DFA855B}"
EndProject
Global
	GlobalSection(SolutionConfigurationPlatforms) = preSolution
		Debug|Any CPU = Debug|Any CPU
		Release|Any CPU = Release|Any CPU
	EndGlobalSection
	GlobalSection(ProjectConfigurationPlatforms) = postSolution
		{53160024-61EB-A8DE-C23D-87614DFA855B}.Debug|Any CPU.ActiveCfg = Debug|Any CPU
		{53160024-61EB-A8DE-C23D-87614DFA855B}.Debug|Any CPU.Build.0 = Debug|Any CPU
		{53160024-61EB-A8DE-C23D-87614DFA855B}.Release|Any CPU.ActiveCfg = Release|Any CPU
		{53160024-61EB-A8DE-C23D-87614DFA855B}.Release|Any CPU.Build.0 = Release|Any CPU
	EndGlobalSection
	GlobalSection(SolutionProperties) = preSolution
		HideSolutionNode = FALSE
	EndGlobalSection
EndGlobal
